
Microsoft Visual Studio Solution File, Format Version 12.00
# Visual Studio Version 17
VisualStudioVersion = 17.14.36429.23
MinimumVisualStudioVersion = 10.0.40219.1
Project("{2150E333-8FDC-42A3-9474-1A3956D46DE8}") = "build", "build", "{02EA681E-C7D8-13C7-8484-4AC65E1B71E8}"
	ProjectSection(SolutionItems) = preProject
		Aegis.ruleset = Aegis.ruleset
		Directory.Build.props = Directory.Build.props
		Directory.Build.targets = Directory.Build.targets
	EndProjectSection
EndProject
Project("{2150E333-8FDC-42A3-9474-1A3956D46DE8}") = "sources", "sources", "{1C78CA1B-3346-4FA4-82A7-C9C9995D734D}"
EndProject
Project("{FAE04EC0-301F-11D3-BF4B-00C04F79EFBC}") = "Aegis.Core", "sources\Aegis.Core\Aegis.Core.csproj", "{F9A60DF5-E987-997A-0A4E-21903F6831CB}"
EndProject
Project("{FAE04EC0-301F-11D3-BF4B-00C04F79EFBC}") = "Aegis.Sdk", "sources\Aegis.Sdk\Aegis.Sdk.csproj", "{9DF5E204-BDB3-50B8-74FD-A5802EC4B9E8}"
EndProject
Project("{FAE04EC0-301F-11D3-BF4B-00C04F79EFBC}") = "Aegis.Infrastructure", "sources\Aegis.Infrastructure\Aegis.Infrastructure.csproj", "{C79D0334-7163-FC75-06ED-E77C54B8EF02}"
EndProject
Project("{FAE04EC0-301F-11D3-BF4B-00C04F79EFBC}") = "Aegis.App.WPF", "sources\Aegis.App.WPF\Aegis.App.WPF.csproj", "{9B09B9A8-5F3C-488F-4F07-5C248614E8DC}"
EndProject
Project("{FAE04EC0-301F-11D3-BF4B-00C04F79EFBC}") = "Aegis.Shared", "sources\Aegis.Shared\Aegis.Shared.csproj", "{4904089B-164A-3A3C-21CF-3F69B4DA41FB}"
EndProject
Project("{FAE04EC0-301F-11D3-BF4B-00C04F79EFBC}") = "Aegis.Cli", "sources\Aegis.Cli\Aegis.Cli.csproj", "{75A0D050-DC35-457A-B87E-529B8BC2BF57}"
EndProject
Global
	GlobalSection(SolutionConfigurationPlatforms) = preSolution
		Debug|Any CPU = Debug|Any CPU
		Release|Any CPU = Release|Any CPU
	EndGlobalSection
	GlobalSection(ProjectConfigurationPlatforms) = postSolution
		{F9A60DF5-E987-997A-0A4E-21903F6831CB}.Debug|Any CPU.ActiveCfg = Debug|Any CPU
		{F9A60DF5-E987-997A-0A4E-21903F6831CB}.Debug|Any CPU.Build.0 = Debug|Any CPU
		{F9A60DF5-E987-997A-0A4E-21903F6831CB}.Release|Any CPU.ActiveCfg = Release|Any CPU
		{F9A60DF5-E987-997A-0A4E-21903F6831CB}.Release|Any CPU.Build.0 = Release|Any CPU
		{9DF5E204-BDB3-50B8-74FD-A5802EC4B9E8}.Debug|Any CPU.ActiveCfg = Debug|Any CPU
		{9DF5E204-BDB3-50B8-74FD-A5802EC4B9E8}.Debug|Any CPU.Build.0 = Debug|Any CPU
		{9DF5E204-BDB3-50B8-74FD-A5802EC4B9E8}.Release|Any CPU.ActiveCfg = Release|Any CPU
		{9DF5E204-BDB3-50B8-74FD-A5802EC4B9E8}.Release|Any CPU.Build.0 = Release|Any CPU
		{C79D0334-7163-FC75-06ED-E77C54B8EF02}.Debug|Any CPU.ActiveCfg = Debug|Any CPU
		{C79D0334-7163-FC75-06ED-E77C54B8EF02}.Debug|Any CPU.Build.0 = Debug|Any CPU
		{C79D0334-7163-FC75-06ED-E77C54B8EF02}.Release|Any CPU.ActiveCfg = Release|Any CPU
		{C79D0334-7163-FC75-06ED-E77C54B8EF02}.Release|Any CPU.Build.0 = Release|Any CPU
		{9B09B9A8-5F3C-488F-4F07-5C248614E8DC}.Debug|Any CPU.ActiveCfg = Debug|Any CPU
		{9B09B9A8-5F3C-488F-4F07-5C248614E8DC}.Debug|Any CPU.Build.0 = Debug|Any CPU
		{9B09B9A8-5F3C-488F-4F07-5C248614E8DC}.Release|Any CPU.ActiveCfg = Release|Any CPU
		{9B09B9A8-5F3C-488F-4F07-5C248614E8DC}.Release|Any CPU.Build.0 = Release|Any CPU
		{4904089B-164A-3A3C-21CF-3F69B4DA41FB}.Debug|Any CPU.ActiveCfg = Debug|Any CPU
		{4904089B-164A-3A3C-21CF-3F69B4DA41FB}.Debug|Any CPU.Build.0 = Debug|Any CPU
		{4904089B-164A-3A3C-21CF-3F69B4DA41FB}.Release|Any CPU.ActiveCfg = Release|Any CPU
		{4904089B-164A-3A3C-21CF-3F69B4DA41FB}.Release|Any CPU.Build.0 = Release|Any CPU
		{75A0D050-DC35-457A-B87E-529B8BC2BF57}.Debug|Any CPU.ActiveCfg = Debug|Any CPU
		{75A0D050-DC35-457A-B87E-529B8BC2BF57}.Debug|Any CPU.Build.0 = Debug|Any CPU
		{75A0D050-DC35-457A-B87E-529B8BC2BF57}.Release|Any CPU.ActiveCfg = Release|Any CPU
		{75A0D050-DC35-457A-B87E-529B8BC2BF57}.Release|Any CPU.Build.0 = Release|Any CPU
	EndGlobalSection
	GlobalSection(SolutionProperties) = preSolution
		HideSolutionNode = FALSE
	EndGlobalSection
	GlobalSection(NestedProjects) = preSolution
		{F9A60DF5-E987-997A-0A4E-21903F6831CB} = {1C78CA1B-3346-4FA4-82A7-C9C9995D734D}
		{9DF5E204-BDB3-50B8-74FD-A5802EC4B9E8} = {1C78CA1B-3346-4FA4-82A7-C9C9995D734D}
		{C79D0334-7163-FC75-06ED-E77C54B8EF02} = {1C78CA1B-3346-4FA4-82A7-C9C9995D734D}
		{9B09B9A8-5F3C-488F-4F07-5C248614E8DC} = {1C78CA1B-3346-4FA4-82A7-C9C9995D734D}
		{4904089B-164A-3A3C-21CF-3F69B4DA41FB} = {1C78CA1B-3346-4FA4-82A7-C9C9995D734D}
		{75A0D050-DC35-457A-B87E-529B8BC2BF57} = {1C78CA1B-3346-4FA4-82A7-C9C9995D734D}
	EndGlobalSection
	GlobalSection(ExtensibilityGlobals) = postSolution
		SolutionGuid = {31A5AE18-9DD0-411A-A099-9A6C402AC6BA}
	EndGlobalSection
EndGlobal
